// !$*UTF8*$!
{
	archiveVersion = 1;
	classes = {
	};
	objectVersion = 46;
	objects = {

/* Begin PBXBuildFile section */
		0FF8420E1CA1548300E910D8 /* AppDelegate.swift in Sources */ = {isa = PBXBuildFile; fileRef = 0FF8420D1CA1548300E910D8 /* AppDelegate.swift */; };
		0FF842101CA1548300E910D8 /* ViewController.swift in Sources */ = {isa = PBXBuildFile; fileRef = 0FF8420F1CA1548300E910D8 /* ViewController.swift */; };
		0FF842131CA1548300E910D8 /* Main.storyboard in Resources */ = {isa = PBXBuildFile; fileRef = 0FF842111CA1548300E910D8 /* Main.storyboard */; };
		0FF842151CA1548300E910D8 /* Assets.xcassets in Resources */ = {isa = PBXBuildFile; fileRef = 0FF842141CA1548300E910D8 /* Assets.xcassets */; };
		0FF842181CA1548300E910D8 /* LaunchScreen.storyboard in Resources */ = {isa = PBXBuildFile; fileRef = 0FF842161CA1548300E910D8 /* LaunchScreen.storyboard */; };
		0FF842231CA1548400E910D8 /* retro_calculatorTests.swift in Sources */ = {isa = PBXBuildFile; fileRef = 0FF842221CA1548400E910D8 /* retro_calculatorTests.swift */; };
		0FF8422E1CA1548400E910D8 /* retro_calculatorUITests.swift in Sources */ = {isa = PBXBuildFile; fileRef = 0FF8422D1CA1548400E910D8 /* retro_calculatorUITests.swift */; };
		0FF8423C1CA169AB00E910D8 /* Minecraft.ttf in Resources */ = {isa = PBXBuildFile; fileRef = 0FF8423B1CA169AB00E910D8 /* Minecraft.ttf */; };
		0FF8423E1CA16F9E00E910D8 /* btn.wav in Resources */ = {isa = PBXBuildFile; fileRef = 0FF8423D1CA16F9E00E910D8 /* btn.wav */; };
/* End PBXBuildFile section */

/* Begin PBXContainerItemProxy section */
		0FF8421F1CA1548400E910D8 /* PBXContainerItemProxy */ = {
			isa = PBXContainerItemProxy;
			containerPortal = 0FF842021CA1548300E910D8 /* Project object */;
			proxyType = 1;
			remoteGlobalIDString = 0FF842091CA1548300E910D8;
			remoteInfo = "retro-calculator";
		};
		0FF8422A1CA1548400E910D8 /* PBXContainerItemProxy */ = {
			isa = PBXContainerItemProxy;
			containerPortal = 0FF842021CA1548300E910D8 /* Project object */;
			proxyType = 1;
			remoteGlobalIDString = 0FF842091CA1548300E910D8;
			remoteInfo = "retro-calculator";
		};
/* End PBXContainerItemProxy section */

/* Begin PBXFileReference section */
		0FF8420A1CA1548300E910D8 /* retro-calculator.app */ = {isa = PBXFileReference; explicitFileType = wrapper.application; includeInIndex = 0; path = "retro-calculator.app"; sourceTree = BUILT_PRODUCTS_DIR; };
		0FF8420D1CA1548300E910D8 /* AppDelegate.swift */ = {isa = PBXFileReference; lastKnownFileType = sourcecode.swift; path = AppDelegate.swift; sourceTree = "<group>"; };
		0FF8420F1CA1548300E910D8 /* ViewController.swift */ = {isa = PBXFileReference; lastKnownFileType = sourcecode.swift; path = ViewController.swift; sourceTree = "<group>"; };
		0FF842121CA1548300E910D8 /* Base */ = {isa = PBXFileReference; lastKnownFileType = file.storyboard; name = Base; path = Base.lproj/Main.storyboard; sourceTree = "<group>"; };
		0FF842141CA1548300E910D8 /* Assets.xcassets */ = {isa = PBXFileReference; lastKnownFileType = folder.assetcatalog; path = Assets.xcassets; sourceTree = "<group>"; };
		0FF842171CA1548300E910D8 /* Base */ = {isa = PBXFileReference; lastKnownFileType = file.storyboard; name = Base; path = Base.lproj/LaunchScreen.storyboard; sourceTree = "<group>"; };
		0FF842191CA1548300E910D8 /* Info.plist */ = {isa = PBXFileReference; lastKnownFileType = text.plist.xml; path = Info.plist; sourceTree = "<group>"; };
		0FF8421E1CA1548400E910D8 /* retro-calculatorTests.xctest */ = {isa = PBXFileReference; explicitFileType = wrapper.cfbundle; includeInIndex = 0; path = "retro-calculatorTests.xctest"; sourceTree = BUILT_PRODUCTS_DIR; };
		0FF842221CA1548400E910D8 /* retro_calculatorTests.swift */ = {isa = PBXFileReference; lastKnownFileType = sourcecode.swift; path = retro_calculatorTests.swift; sourceTree = "<group>"; };
		0FF842241CA1548400E910D8 /* Info.plist */ = {isa = PBXFileReference; lastKnownFileType = text.plist.xml; path = Info.plist; sourceTree = "<group>"; };
		0FF842291CA1548400E910D8 /* retro-calculatorUITests.xctest */ = {isa = PBXFileReference; explicitFileType = wrapper.cfbundle; includeInIndex = 0; path = "retro-calculatorUITests.xctest"; sourceTree = BUILT_PRODUCTS_DIR; };
		0FF8422D1CA1548400E910D8 /* retro_calculatorUITests.swift */ = {isa = PBXFileReference; lastKnownFileType = sourcecode.swift; path = retro_calculatorUITests.swift; sourceTree = "<group>"; };
		0FF8422F1CA1548400E910D8 /* Info.plist */ = {isa = PBXFileReference; lastKnownFileType = text.plist.xml; path = Info.plist; sourceTree = "<group>"; };
		0FF8423B1CA169AB00E910D8 /* Minecraft.ttf */ = {isa = PBXFileReference; lastKnownFileType = file; path = Minecraft.ttf; sourceTree = "<group>"; };
		0FF8423D1CA16F9E00E910D8 /* btn.wav */ = {isa = PBXFileReference; lastKnownFileType = audio.wav; path = btn.wav; sourceTree = "<group>"; };
/* End PBXFileReference section */

/* Begin PBXFrameworksBuildPhase section */
		0FF842071CA1548300E910D8 /* Frameworks */ = {
			isa = PBXFrameworksBuildPhase;
			buildActionMask = 2147483647;
			files = (
			);
			runOnlyForDeploymentPostprocessing = 0;
		};
		0FF8421B1CA1548400E910D8 /* Frameworks */ = {
			isa = PBXFrameworksBuildPhase;
			buildActionMask = 2147483647;
			files = (
			);
			runOnlyForDeploymentPostprocessing = 0;
		};
		0FF842261CA1548400E910D8 /* Frameworks */ = {
			isa = PBXFrameworksBuildPhase;
			buildActionMask = 2147483647;
			files = (
			);
			runOnlyForDeploymentPostprocessing = 0;
		};
/* End PBXFrameworksBuildPhase section */

/* Begin PBXGroup section */
		0FF842011CA1548300E910D8 = {
			isa = PBXGroup;
			children = (
				0FF8420C1CA1548300E910D8 /* retro-calculator */,
				0FF842211CA1548400E910D8 /* retro-calculatorTests */,
				0FF8422C1CA1548400E910D8 /* retro-calculatorUITests */,
				0FF8420B1CA1548300E910D8 /* Products */,
			);
			sourceTree = "<group>";
		};
		0FF8420B1CA1548300E910D8 /* Products */ = {
			isa = PBXGroup;
			children = (
				0FF8420A1CA1548300E910D8 /* retro-calculator.app */,
				0FF8421E1CA1548400E910D8 /* retro-calculatorTests.xctest */,
				0FF842291CA1548400E910D8 /* retro-calculatorUITests.xctest */,
			);
			name = Products;
			sourceTree = "<group>";
		};
		0FF8420C1CA1548300E910D8 /* retro-calculator */ = {
			isa = PBXGroup;
			children = (
				0FF8423B1CA169AB00E910D8 /* Minecraft.ttf */,
				0FF8423D1CA16F9E00E910D8 /* btn.wav */,
				0FF8420D1CA1548300E910D8 /* AppDelegate.swift */,
				0FF8420F1CA1548300E910D8 /* ViewController.swift */,
				0FF842111CA1548300E910D8 /* Main.storyboard */,
				0FF842141CA1548300E910D8 /* Assets.xcassets */,
				0FF842161CA1548300E910D8 /* LaunchScreen.storyboard */,
				0FF842191CA1548300E910D8 /* Info.plist */,
			);
			path = "retro-calculator";
			sourceTree = "<group>";
		};
		0FF842211CA1548400E910D8 /* retro-calculatorTests */ = {
			isa = PBXGroup;
			children = (
				0FF842221CA1548400E910D8 /* retro_calculatorTests.swift */,
				0FF842241CA1548400E910D8 /* Info.plist */,
			);
			path = "retro-calculatorTests";
			sourceTree = "<group>";
		};
		0FF8422C1CA1548400E910D8 /* retro-calculatorUITests */ = {
			isa = PBXGroup;
			children = (
				0FF8422D1CA1548400E910D8 /* retro_calculatorUITests.swift */,
				0FF8422F1CA1548400E910D8 /* Info.plist */,
			);
			path = "retro-calculatorUITests";
			sourceTree = "<group>";
		};
/* End PBXGroup section */

/* Begin PBXNativeTarget section */
		0FF842091CA1548300E910D8 /* retro-calculator */ = {
			isa = PBXNativeTarget;
			buildConfigurationList = 0FF842321CA1548400E910D8 /* Build configuration list for PBXNativeTarget "retro-calculator" */;
			buildPhases = (
				0FF842061CA1548300E910D8 /* Sources */,
				0FF842071CA1548300E910D8 /* Frameworks */,
				0FF842081CA1548300E910D8 /* Resources */,
			);
			buildRules = (
			);
			dependencies = (
			);
			name = "retro-calculator";
			productName = "retro-calculator";
			productReference = 0FF8420A1CA1548300E910D8 /* retro-calculator.app */;
			productType = "com.apple.product-type.application";
		};
		0FF8421D1CA1548400E910D8 /* retro-calculatorTests */ = {
			isa = PBXNativeTarget;
			buildConfigurationList = 0FF842351CA1548400E910D8 /* Build configuration list for PBXNativeTarget "retro-calculatorTests" */;
			buildPhases = (
				0FF8421A1CA1548400E910D8 /* Sources */,
				0FF8421B1CA1548400E910D8 /* Frameworks */,
				0FF8421C1CA1548400E910D8 /* Resources */,
			);
			buildRules = (
			);
			dependencies = (
				0FF842201CA1548400E910D8 /* PBXTargetDependency */,
			);
			name = "retro-calculatorTests";
			productName = "retro-calculatorTests";
			productReference = 0FF8421E1CA1548400E910D8 /* retro-calculatorTests.xctest */;
			productType = "com.apple.product-type.bundle.unit-test";
		};
		0FF842281CA1548400E910D8 /* retro-calculatorUITests */ = {
			isa = PBXNativeTarget;
			buildConfigurationList = 0FF842381CA1548400E910D8 /* Build configuration list for PBXNativeTarget "retro-calculatorUITests" */;
			buildPhases = (
				0FF842251CA1548400E910D8 /* Sources */,
				0FF842261CA1548400E910D8 /* Frameworks */,
				0FF842271CA1548400E910D8 /* Resources */,
			);
			buildRules = (
			);
			dependencies = (
				0FF8422B1CA1548400E910D8 /* PBXTargetDependency */,
			);
			name = "retro-calculatorUITests";
			productName = "retro-calculatorUITests";
			productReference = 0FF842291CA1548400E910D8 /* retro-calculatorUITests.xctest */;
			productType = "com.apple.product-type.bundle.ui-testing";
		};
/* End PBXNativeTarget section */

/* Begin PBXProject section */
		0FF842021CA1548300E910D8 /* Project object */ = {
			isa = PBXProject;
			attributes = {
				LastSwiftUpdateCheck = 0720;
				LastUpgradeCheck = 0720;
				ORGANIZATIONNAME = "Melinda Fernandes";
				TargetAttributes = {
					0FF842091CA1548300E910D8 = {
						CreatedOnToolsVersion = 7.2.1;
					};
					0FF8421D1CA1548400E910D8 = {
						CreatedOnToolsVersion = 7.2.1;
						TestTargetID = 0FF842091CA1548300E910D8;
					};
					0FF842281CA1548400E910D8 = {
						CreatedOnToolsVersion = 7.2.1;
						TestTargetID = 0FF842091CA1548300E910D8;
					};
				};
			};
			buildConfigurationList = 0FF842051CA1548300E910D8 /* Build configuration list for PBXProject "retro-calculator" */;
			compatibilityVersion = "Xcode 3.2";
			developmentRegion = English;
			hasScannedForEncodings = 0;
			knownRegions = (
				en,
				Base,
			);
			mainGroup = 0FF842011CA1548300E910D8;
			productRefGroup = 0FF8420B1CA1548300E910D8 /* Products */;
			projectDirPath = "";
			projectRoot = "";
			targets = (
				0FF842091CA1548300E910D8 /* retro-calculator */,
				0FF8421D1CA1548400E910D8 /* retro-calculatorTests */,
				0FF842281CA1548400E910D8 /* retro-calculatorUITests */,
			);
		};
/* End PBXProject section */

/* Begin PBXResourcesBuildPhase section */
		0FF842081CA1548300E910D8 /* Resources */ = {
			isa = PBXResourcesBuildPhase;
			buildActionMask = 2147483647;
			files = (
				0FF8423E1CA16F9E00E910D8 /* btn.wav in Resources */,
				0FF842181CA1548300E910D8 /* LaunchScreen.storyboard in Resources */,
				0FF842151CA1548300E910D8 /* Assets.xcassets in Resources */,
				0FF8423C1CA169AB00E910D8 /* Minecraft.ttf in Resources */,
				0FF842131CA1548300E910D8 /* Main.storyboard in Resources */,
			);
			runOnlyForDeploymentPostprocessing = 0;
		};
		0FF8421C1CA1548400E910D8 /* Resources */ = {
			isa = PBXResourcesBuildPhase;
			buildActionMask = 2147483647;
			files = (
			);
			runOnlyForDeploymentPostprocessing = 0;
		};
		0FF842271CA1548400E910D8 /* Resources */ = {
			isa = PBXResourcesBuildPhase;
			buildActionMask = 2147483647;
			files = (
			);
			runOnlyForDeploymentPostprocessing = 0;
		};
/* End PBXResourcesBuildPhase section */

/* Begin PBXSourcesBuildPhase section */
		0FF842061CA1548300E910D8 /* Sources */ = {
			isa = PBXSourcesBuildPhase;
			buildActionMask = 2147483647;
			files = (
				0FF842101CA1548300E910D8 /* ViewController.swift in Sources */,
				0FF8420E1CA1548300E910D8 /* AppDelegate.swift in Sources */,
			);
			runOnlyForDeploymentPostprocessing = 0;
		};
		0FF8421A1CA1548400E910D8 /* Sources */ = {
			isa = PBXSourcesBuildPhase;
			buildActionMask = 2147483647;
			files = (
				0FF842231CA1548400E910D8 /* retro_calculatorTests.swift in Sources */,
			);
			runOnlyForDeploymentPostprocessing = 0;
		};
		0FF842251CA1548400E910D8 /* Sources */ = {
			isa = PBXSourcesBuildPhase;
			buildActionMask = 2147483647;
			files = (
				0FF8422E1CA1548400E910D8 /* retro_calculatorUITests.swift in Sources */,
			);
			runOnlyForDeploymentPostprocessing = 0;
		};
/* End PBXSourcesBuildPhase section */

/* Begin PBXTargetDependency section */
		0FF842201CA1548400E910D8 /* PBXTargetDependency */ = {
			isa = PBXTargetDependency;
			target = 0FF842091CA1548300E910D8 /* retro-calculator */;
			targetProxy = 0FF8421F1CA1548400E910D8 /* PBXContainerItemProxy */;
		};
		0FF8422B1CA1548400E910D8 /* PBXTargetDependency */ = {
			isa = PBXTargetDependency;
			target = 0FF842091CA1548300E910D8 /* retro-calculator */;
			targetProxy = 0FF8422A1CA1548400E910D8 /* PBXContainerItemProxy */;
		};
/* End PBXTargetDependency section */

/* Begin PBXVariantGroup section */
		0FF842111CA1548300E910D8 /* Main.storyboard */ = {
			isa = PBXVariantGroup;
			children = (
				0FF842121CA1548300E910D8 /* Base */,
			);
			name = Main.storyboard;
			sourceTree = "<group>";
		};
		0FF842161CA1548300E910D8 /* LaunchScreen.storyboard */ = {
			isa = PBXVariantGroup;
			children = (
				0FF842171CA1548300E910D8 /* Base */,
			);
			name = LaunchScreen.storyboard;
			sourceTree = "<group>";
		};
/* End PBXVariantGroup section */

/* Begin XCBuildConfiguration section */
		0FF842301CA1548400E910D8 /* Debug */ = {
			isa = XCBuildConfiguration;
			buildSettings = {
				ALWAYS_SEARCH_USER_PATHS = NO;
				CLANG_CXX_LANGUAGE_STANDARD = "gnu++0x";
				CLANG_CXX_LIBRARY = "libc++";
				CLANG_ENABLE_MODULES = YES;
				CLANG_ENABLE_OBJC_ARC = YES;
				CLANG_WARN_BOOL_CONVERSION = YES;
				CLANG_WARN_CONSTANT_CONVERSION = YES;
				CLANG_WARN_DIRECT_OBJC_ISA_USAGE = YES_ERROR;
				CLANG_WARN_EMPTY_BODY = YES;
				CLANG_WARN_ENUM_CONVERSION = YES;
				CLANG_WARN_INT_CONVERSION = YES;
				CLANG_WARN_OBJC_ROOT_CLASS = YES_ERROR;
				CLANG_WARN_UNREACHABLE_CODE = YES;
				CLANG_WARN__DUPLICATE_METHOD_MATCH = YES;
				"CODE_SIGN_IDENTITY[sdk=iphoneos*]" = "iPhone Developer";
				COPY_PHASE_STRIP = NO;
				DEBUG_INFORMATION_FORMAT = dwarf;
				ENABLE_STRICT_OBJC_MSGSEND = YES;
				ENABLE_TESTABILITY = YES;
				GCC_C_LANGUAGE_STANDARD = gnu99;
				GCC_DYNAMIC_NO_PIC = NO;
				GCC_NO_COMMON_BLOCKS = YES;
				GCC_OPTIMIZATION_LEVEL = 0;
				GCC_PREPROCESSOR_DEFINITIONS = (
					"DEBUG=1",
					"$(inherited)",
				);
				GCC_WARN_64_TO_32_BIT_CONVERSION = YES;
				GCC_WARN_ABOUT_RETURN_TYPE = YES_ERROR;
				GCC_WARN_UNDECLARED_SELECTOR = YES;
				GCC_WARN_UNINITIALIZED_AUTOS = YES_AGGRESSIVE;
				GCC_WARN_UNUSED_FUNCTION = YES;
				GCC_WARN_UNUSED_VARIABLE = YES;
				IPHONEOS_DEPLOYMENT_TARGET = 9.2;
				MTL_ENABLE_DEBUG_INFO = YES;
				ONLY_ACTIVE_ARCH = YES;
				SDKROOT = iphoneos;
				SWIFT_OPTIMIZATION_LEVEL = "-Onone";
			};
			name = Debug;
		};
		0FF842311CA1548400E910D8 /* Release */ = {
			isa = XCBuildConfiguration;
			buildSettings = {
				ALWAYS_SEARCH_USER_PATHS = NO;
				CLANG_CXX_LANGUAGE_STANDARD = "gnu++0x";
				CLANG_CXX_LIBRARY = "libc++";
				CLANG_ENABLE_MODULES = YES;
				CLANG_ENABLE_OBJC_ARC = YES;
				CLANG_WARN_BOOL_CONVERSION = YES;
				CLANG_WARN_CONSTANT_CONVERSION = YES;
				CLANG_WARN_DIRECT_OBJC_ISA_USAGE = YES_ERROR;
				CLANG_WARN_EMPTY_BODY = YES;
				CLANG_WARN_ENUM_CONVERSION = YES;
				CLANG_WARN_INT_CONVERSION = YES;
				CLANG_WARN_OBJC_ROOT_CLASS = YES_ERROR;
				CLANG_WARN_UNREACHABLE_CODE = YES;
				CLANG_WARN__DUPLICATE_METHOD_MATCH = YES;
				"CODE_SIGN_IDENTITY[sdk=iphoneos*]" = "iPhone Developer";
				COPY_PHASE_STRIP = NO;
				DEBUG_INFORMATION_FORMAT = "dwarf-with-dsym";
				ENABLE_NS_ASSERTIONS = NO;
				ENABLE_STRICT_OBJC_MSGSEND = YES;
				GCC_C_LANGUAGE_STANDARD = gnu99;
				GCC_NO_COMMON_BLOCKS = YES;
				GCC_WARN_64_TO_32_BIT_CONVERSION = YES;
				GCC_WARN_ABOUT_RETURN_TYPE = YES_ERROR;
				GCC_WARN_UNDECLARED_SELECTOR = YES;
				GCC_WARN_UNINITIALIZED_AUTOS = YES_AGGRESSIVE;
				GCC_WARN_UNUSED_FUNCTION = YES;
				GCC_WARN_UNUSED_VARIABLE = YES;
				IPHONEOS_DEPLOYMENT_TARGET = 9.2;
				MTL_ENABLE_DEBUG_INFO = NO;
				SDKROOT = iphoneos;
				VALIDATE_PRODUCT = YES;
			};
			name = Release;
		};
		0FF842331CA1548400E910D8 /* Debug */ = {
			isa = XCBuildConfiguration;
			buildSettings = {
				ASSETCATALOG_COMPILER_APPICON_NAME = AppIcon;
				INFOPLIST_FILE = "retro-calculator/Info.plist";
				LD_RUNPATH_SEARCH_PATHS = "$(inherited) @executable_path/Frameworks";
				PRODUCT_BUNDLE_IDENTIFIER = "com.melindafernandes.retro-calculator";
				PRODUCT_NAME = "$(TARGET_NAME)";
			};
			name = Debug;
		};
		0FF842341CA1548400E910D8 /* Release */ = {
			isa = XCBuildConfiguration;
			buildSettings = {
				ASSETCATALOG_COMPILER_APPICON_NAME = AppIcon;
				INFOPLIST_FILE = "retro-calculator/Info.plist";
				LD_RUNPATH_SEARCH_PATHS = "$(inherited) @executable_path/Frameworks";
				PRODUCT_BUNDLE_IDENTIFIER = "com.melindafernandes.retro-calculator";
				PRODUCT_NAME = "$(TARGET_NAME)";
			};
			name = Release;
		};
		0FF842361CA1548400E910D8 /* Debug */ = {
			isa = XCBuildConfiguration;
			buildSettings = {
				BUNDLE_LOADER = "$(TEST_HOST)";
				INFOPLIST_FILE = "retro-calculatorTests/Info.plist";
				LD_RUNPATH_SEARCH_PATHS = "$(inherited) @executable_path/Frameworks @loader_path/Frameworks";
				PRODUCT_BUNDLE_IDENTIFIER = "com.melindafernandes.retro-calculatorTests";
				PRODUCT_NAME = "$(TARGET_NAME)";
				TEST_HOST = "$(BUILT_PRODUCTS_DIR)/retro-calculator.app/retro-calculator";
			};
			name = Debug;
		};
		0FF842371CA1548400E910D8 /* Release */ = {
			isa = XCBuildConfiguration;
			buildSettings = {
				BUNDLE_LOADER = "$(TEST_HOST)";
				INFOPLIST_FILE = "retro-calculatorTests/Info.plist";
				LD_RUNPATH_SEARCH_PATHS = "$(inherited) @executable_path/Frameworks @loader_path/Frameworks";
				PRODUCT_BUNDLE_IDENTIFIER = "com.melindafernandes.retro-calculatorTests";
				PRODUCT_NAME = "$(TARGET_NAME)";
				TEST_HOST = "$(BUILT_PRODUCTS_DIR)/retro-calculator.app/retro-calculator";
			};
			name = Release;
		};
		0FF842391CA1548400E910D8 /* Debug */ = {
			isa = XCBuildConfiguration;
			buildSettings = {
				INFOPLIST_FILE = "retro-calculatorUITests/Info.plist";
				LD_RUNPATH_SEARCH_PATHS = "$(inherited) @executable_path/Frameworks @loader_path/Frameworks";
				PRODUCT_BUNDLE_IDENTIFIER = "com.melindafernandes.retro-calculatorUITests";
				PRODUCT_NAME = "$(TARGET_NAME)";
				TEST_TARGET_NAME = "retro-calculator";
				USES_XCTRUNNER = YES;
			};
			name = Debug;
		};
		0FF8423A1CA1548400E910D8 /* Release */ = {
			isa = XCBuildConfiguration;
			buildSettings = {
				INFOPLIST_FILE = "retro-calculatorUITests/Info.plist";
				LD_RUNPATH_SEARCH_PATHS = "$(inherited) @executable_path/Frameworks @loader_path/Frameworks";
				PRODUCT_BUNDLE_IDENTIFIER = "com.melindafernandes.retro-calculatorUITests";
				PRODUCT_NAME = "$(TARGET_NAME)";
				TEST_TARGET_NAME = "retro-calculator";
				USES_XCTRUNNER = YES;
			};
			name = Release;
		};
/* End XCBuildConfiguration section */

/* Begin XCConfigurationList section */
		0FF842051CA1548300E910D8 /* Build configuration list for PBXProject "retro-calculator" */ = {
			isa = XCConfigurationList;
			buildConfigurations = (
				0FF842301CA1548400E910D8 /* Debug */,
				0FF842311CA1548400E910D8 /* Release */,
			);
			defaultConfigurationIsVisible = 0;
			defaultConfigurationName = Release;
		};
		0FF842321CA1548400E910D8 /* Build configuration list for PBXNativeTarget "retro-calculator" */ = {
			isa = XCConfigurationList;
			buildConfigurations = (
				0FF842331CA1548400E910D8 /* Debug */,
				0FF842341CA1548400E910D8 /* Release */,
			);
			defaultConfigurationIsVisible = 0;
		};
		0FF842351CA1548400E910D8 /* Build configuration list for PBXNativeTarget "retro-calculatorTests" */ = {
			isa = XCConfigurationList;
			buildConfigurations = (
				0FF842361CA1548400E910D8 /* Debug */,
				0FF842371CA1548400E910D8 /* Release */,
			);
			defaultConfigurationIsVisible = 0;
		};
		0FF842381CA1548400E910D8 /* Build configuration list for PBXNativeTarget "retro-calculatorUITests" */ = {
			isa = XCConfigurationList;
			buildConfigurations = (
				0FF842391CA1548400E910D8 /* Debug */,
				0FF8423A1CA1548400E910D8 /* Release */,
			);
			defaultConfigurationIsVisible = 0;
		};
/* End XCConfigurationList section */
	};
	rootObject = 0FF842021CA1548300E910D8 /* Project object */;
}
